[[package]]
name = "certifi"
version = "2024.7.4"
description = "Python package for providing Mozilla's CA Bundle."
category = "main"
optional = false
python-versions = ">=3.6"

[[package]]
name = "cftime"
version = "1.6.4"
description = "Time-handling functionality from netcdf4-python"
category = "main"
optional = false
python-versions = ">=3.8"

[package.dependencies]
numpy = [
    {version = ">1.13.3", markers = "python_version < \"3.12.0.rc1\""},
    {version = ">=1.26.0b1", markers = "python_version >= \"3.12.0.rc1\""},
]

[[package]]
name = "netcdf4"
version = "1.7.1.post2"
description = "Provides an object-oriented python interface to the netCDF version 4 library"
category = "main"
optional = false
python-versions = ">=3.8"

[package.dependencies]
certifi = "*"
cftime = "*"
numpy = "*"

[package.extras]
tests = ["cython", "packaging", "pytest"]

[[package]]
name = "numpy"
version = "2.1.0"
description = "Fundamental package for array computing in Python"
category = "main"
optional = false
python-versions = ">=3.10"

[metadata]
lock-version = "1.1"
python-versions = "^3.11.5"
content-hash = "ea473f1a621c315eaabd6e748350626dfce0109e6dba606b5e49721b3f774bf1"

[metadata.files]
certifi = []
cftime = []
netcdf4 = []
numpy = []
